[designators]
"Ccg6dfDualport::c_cc10" = "C1"
"Ccg6dfDualport::c_cc11" = "C2"
"Ccg6dfDualport::c_cc20" = "C3"
"Ccg6dfDualport::c_cc21" = "C4"
"Ccg6dfDualport::c_in" = "C5"
"Ccg6dfDualport::c_v5v" = "C6"
"Ccg6dfDualport::c_vbusc0" = "C7"
"Ccg6dfDualport::c_vbusc1" = "C8"
"Ccg6dfDualport::c_vbusp0" = "C9"
"Ccg6dfDualport::c_vbusp1" = "C10"
"Ccg6dfDualport::c_vccd" = "C11"
"Ccg6dfDualport::c_vddd" = "C12"
"Ccg6dfDualport::c_vsys" = "C13"
"Ccg6dfDualport::c_xres" = "C14"
"Ccg6dfDualport::ctrl" = "U1"
"Ccg6dfDualport::j1" = "J1"
"Ccg6dfDualport::q0" = "Q1"
"Ccg6dfDualport::q1" = "Q2"
"Ccg6dfDualport::r_ec_scl" = "R1"
"Ccg6dfDualport::r_ec_sda" = "R2"
"Ccg6dfDualport::r_sense0" = "R3"
"Ccg6dfDualport::r_sense1" = "R4"
"Ccg6dfDualport::r_soc_scl" = "R5"
"Ccg6dfDualport::r_soc_sda" = "R6"
"Ccg6dfDualport::r_xres" = "R7"
"Ccg6dfDualport::usbc0" = "J2"
"Ccg6dfDualport::usbc1" = "J3"

[tombstones]
