# cohdl.lock — generated by cohdl. Do not hand-edit; run `cohdl update` to change a pin.

[[package]]
name = "@st/stm32"
version = "0.1.0"
hash = "sha256:7d468fc258c19c400501d3c2d19b6b478d5b22661c60ba038475b7aa88adefd3"

[[package]]
name = "connectors"
version = "0.1.0"
hash = "sha256:9c25d92052345199e129cdf653ae69ee9df4a21dc46ef4263adee6b8611208b2"

[[package]]
name = "diode"
version = "0.1.0"
hash = "sha256:ea1d68d2aa41dd4e415775fc04c6b8a45f0f3b6cf8d3b9064eb0db5e07fbc272"

[[package]]
name = "esd"
version = "0.1.0"
hash = "sha256:8d5f98ff377276fc3bb2330ebe49dfc4770979c42c07f1ae20f48b99caa2570f"

[[package]]
name = "ldo"
version = "0.1.0"
hash = "sha256:42eacc889233f981962b61646505029c0a7536625b7df41467130c412e6dbf12"

[[package]]
name = "led"
version = "0.1.0"
hash = "sha256:e0ab42284e91dd06c8d2d8a7da4437507f8a3e4cbed34a8e423d432c7e49b33f"

[[package]]
name = "osc"
version = "0.1.0"
hash = "sha256:e83a07d7040f50b2cc535cc9d404e2555426f22958925ffaefac070af65ef7a0"

[[package]]
name = "passive"
version = "0.2.0"
hash = "sha256:4e759a490c65ec294570d7674f46d64bb17c971d5fac4ecd0bb6a27801fa4df4"

[[package]]
name = "std"
version = "0.3.0"
hash = "sha256:5b5fc2d184722d4a4fd32f531656c32f2de2f0920c94d7a8e5f2d2203527fbca"

[[package]]
name = "usb"
version = "0.1.0"
hash = "sha256:2d92202a3ada58bf695673e5fd2e5d6202eb13e0ba91cd50415c00bb32bb4c82"
