[designators]
"OpenMicro::__fn0_decouple::c" = "C1"
"OpenMicro::__fn1_decouple::c" = "C2"
"OpenMicro::__fn2_decouple::c" = "C3"
"OpenMicro::__fn3_decouple::c" = "C4"
"OpenMicro::__fn4_decouple::c" = "C5"
"OpenMicro::__fn5_decouple::c" = "C6"
"OpenMicro::__fn6_decouple::c" = "C7"
"OpenMicro::__fn7_decouple::c" = "C8"
"OpenMicro::__fn8_decouple::c" = "C9"
"OpenMicro::__fn9_decouple::c" = "C10"
"OpenMicro::c_bulk" = "C11"
"OpenMicro::c_vdda" = "C12"
"OpenMicro::d1" = "D1"
"OpenMicro::d10" = "D2"
"OpenMicro::d11" = "D3"
"OpenMicro::d12" = "D4"
"OpenMicro::d13" = "D5"
"OpenMicro::d2" = "D6"
"OpenMicro::d3" = "D7"
"OpenMicro::d4" = "D8"
"OpenMicro::d5" = "D9"
"OpenMicro::d6" = "D10"
"OpenMicro::d7" = "D11"
"OpenMicro::d8" = "D12"
"OpenMicro::d9" = "D13"
"OpenMicro::enc" = "SW1"
"OpenMicro::esd" = "U1"
"OpenMicro::joy" = "J1"
"OpenMicro::ldo" = "U2"
"OpenMicro::led1" = "LED1"
"OpenMicro::led2" = "LED2"
"OpenMicro::led3" = "LED3"
"OpenMicro::led4" = "LED4"
"OpenMicro::led5" = "LED5"
"OpenMicro::led6" = "LED6"
"OpenMicro::mcu" = "U3"
"OpenMicro::rboot" = "R1"
"OpenMicro::rcc1" = "R2"
"OpenMicro::rcc2" = "R3"
"OpenMicro::rst" = "SW2"
"OpenMicro::sw1" = "SW3"
"OpenMicro::sw10" = "SW4"
"OpenMicro::sw11" = "SW5"
"OpenMicro::sw12" = "SW6"
"OpenMicro::sw13" = "SW7"
"OpenMicro::sw2" = "SW8"
"OpenMicro::sw3" = "SW9"
"OpenMicro::sw4" = "SW10"
"OpenMicro::sw5" = "SW11"
"OpenMicro::sw6" = "SW12"
"OpenMicro::sw7" = "SW13"
"OpenMicro::sw8" = "SW14"
"OpenMicro::sw9" = "SW15"
"OpenMicro::swd" = "J2"
"OpenMicro::touch" = "TP1"
"OpenMicro::usbc" = "J3"

[tombstones]
