[designators]
"OpenMicro::__fn0_decouple::c" = "C1"
"OpenMicro::__fn10_decouple::c" = "C13"
"OpenMicro::__fn11_decouple::c" = "C14"
"OpenMicro::__fn12_decouple::c" = "C15"
"OpenMicro::__fn13_decouple::c" = "C16"
"OpenMicro::__fn14_decouple::c" = "C17"
"OpenMicro::__fn15_decouple::c" = "C18"
"OpenMicro::__fn16_decouple::c" = "C19"
"OpenMicro::__fn17_decouple::c" = "C20"
"OpenMicro::__fn18_decouple::c" = "C21"
"OpenMicro::__fn19_decouple::c" = "C22"
"OpenMicro::__fn1_decouple::c" = "C2"
"OpenMicro::__fn20_decouple::c" = "C23"
"OpenMicro::__fn21_decouple::c" = "C24"
"OpenMicro::__fn22_decouple::c" = "C25"
"OpenMicro::__fn23_decouple::c" = "C26"
"OpenMicro::__fn24_decouple::c" = "C27"
"OpenMicro::__fn2_decouple::c" = "C3"
"OpenMicro::__fn3_decouple::c" = "C4"
"OpenMicro::__fn4_decouple::c" = "C5"
"OpenMicro::__fn5_decouple::c" = "C6"
"OpenMicro::__fn6_decouple::c" = "C7"
"OpenMicro::__fn7_decouple::c" = "C8"
"OpenMicro::__fn8_decouple::c" = "C9"
"OpenMicro::__fn9_decouple::c" = "C10"
"OpenMicro::c_bulk" = "C11"
"OpenMicro::c_vdda" = "C12"
"OpenMicro::d1" = "D1"
"OpenMicro::d10" = "D2"
"OpenMicro::d11" = "D3"
"OpenMicro::d12" = "D4"
"OpenMicro::d13" = "D5"
"OpenMicro::d2" = "D6"
"OpenMicro::d3" = "D7"
"OpenMicro::d4" = "D8"
"OpenMicro::d5" = "D9"
"OpenMicro::d6" = "D10"
"OpenMicro::d7" = "D11"
"OpenMicro::d8" = "D12"
"OpenMicro::d9" = "D13"
"OpenMicro::enc" = "SW1"
"OpenMicro::esd" = "U1"
"OpenMicro::joy" = "J1"
"OpenMicro::ldo" = "U2"
"OpenMicro::led1" = "LED1"
"OpenMicro::led10" = "LED7"
"OpenMicro::led11" = "LED8"
"OpenMicro::led12" = "LED9"
"OpenMicro::led13" = "LED10"
"OpenMicro::led14" = "LED11"
"OpenMicro::led15" = "LED12"
"OpenMicro::led16" = "LED13"
"OpenMicro::led17" = "LED14"
"OpenMicro::led18" = "LED15"
"OpenMicro::led19" = "LED16"
"OpenMicro::led2" = "LED2"
"OpenMicro::led20" = "LED17"
"OpenMicro::led21" = "LED18"
"OpenMicro::led22" = "LED19"
"OpenMicro::led23" = "LED20"
"OpenMicro::led24" = "LED21"
"OpenMicro::led25" = "LED22"
"OpenMicro::led26" = "LED23"
"OpenMicro::led27" = "LED24"
"OpenMicro::led28" = "LED25"
"OpenMicro::led29" = "LED26"
"OpenMicro::led3" = "LED3"
"OpenMicro::led4" = "LED4"
"OpenMicro::led5" = "LED5"
"OpenMicro::led6" = "LED6"
"OpenMicro::led7" = "LED27"
"OpenMicro::led8" = "LED28"
"OpenMicro::led9" = "LED29"
"OpenMicro::mcu" = "U3"
"OpenMicro::mh1" = "H1"
"OpenMicro::mh2" = "H2"
"OpenMicro::mh3" = "H3"
"OpenMicro::mh4" = "H4"
"OpenMicro::rboot" = "R1"
"OpenMicro::rcc1" = "R2"
"OpenMicro::rcc2" = "R3"
"OpenMicro::rst" = "SW2"
"OpenMicro::sw1" = "SW3"
"OpenMicro::sw10" = "SW4"
"OpenMicro::sw11" = "SW5"
"OpenMicro::sw12" = "SW6"
"OpenMicro::sw13" = "SW7"
"OpenMicro::sw2" = "SW8"
"OpenMicro::sw3" = "SW9"
"OpenMicro::sw4" = "SW10"
"OpenMicro::sw5" = "SW11"
"OpenMicro::sw6" = "SW12"
"OpenMicro::sw7" = "SW13"
"OpenMicro::sw8" = "SW14"
"OpenMicro::sw9" = "SW15"
"OpenMicro::swd" = "J2"
"OpenMicro::touch" = "TP1"
"OpenMicro::usbc" = "J3"

[tombstones]
