# cohdl.lock — generated by cohdl. Do not hand-edit; run `cohdl update` to change a pin.

[[package]]
name = "@contrib/display"
version = "0.1.0"
hash = "sha256:ef92fad267a26904a4e41296f28765045d8554dad78a4e204e4d0467214af9a3"

[[package]]
name = "std"
version = "0.3.0"
hash = "sha256:5b5fc2d184722d4a4fd32f531656c32f2de2f0920c94d7a8e5f2d2203527fbca"
