# cohdl.lock — generated by cohdl. Do not hand-edit; run `cohdl update` to change a pin.

[[package]]
name = "@contrib/rtc"
version = "0.1.0"
hash = "sha256:88f8a5630fc6a52309c132002b78635a0bc0196b99fc4a41265cb4750d78dc6c"

[[package]]
name = "std"
version = "0.3.0"
hash = "sha256:5b5fc2d184722d4a4fd32f531656c32f2de2f0920c94d7a8e5f2d2203527fbca"
