# This file is automatically @generated by Cargo.
# It is not intended for manual editing.
version = 4

[[package]]
name = "cohdl-cli"
version = "0.1.0"

[[package]]
name = "cohdl-codegen-kicad"
version = "0.1.0"

[[package]]
name = "cohdl-drc"
version = "0.1.0"

[[package]]
name = "cohdl-lsp"
version = "0.1.0"

[[package]]
name = "cohdl-parser"
version = "0.1.0"

[[package]]
name = "cohdl-sema"
version = "0.1.0"

[[package]]
name = "cohdl-syntax"
version = "0.1.0"
