# cohdl.lock — generated by cohdl. Do not hand-edit; run `cohdl update` to change a pin.

[[package]]
name = "qfn"
version = "0.1.1"
hash = "sha256:c8d264ac35829d30c3b4366987f96bc359fc4743433628f2652e4b8f8a8a04aa"

[[package]]
name = "soic"
version = "0.2.0"
hash = "sha256:bab763d35a5aaa8c29628e49b3ed1bdecb8f2a74a24a44308c8cce5d0f0e096a"

[[package]]
name = "std"
version = "0.3.0"
hash = "sha256:5b5fc2d184722d4a4fd32f531656c32f2de2f0920c94d7a8e5f2d2203527fbca"
