# cohdl.lock — generated by cohdl. Do not hand-edit; run `cohdl update` to change a pin.

[[package]]
name = "bga"
version = "0.1.0"
hash = "sha256:48e2e957166b0434d1ef30d137c5e35ab42648cd56afe04fb04104c57c6af32d"

[[package]]
name = "qfp"
version = "0.1.0"
hash = "sha256:a08f91fee7f3f0d21d05ec3f45da07f4aba0215743fff3ba4562e669f69c274f"

[[package]]
name = "std"
version = "0.3.0"
hash = "sha256:5b5fc2d184722d4a4fd32f531656c32f2de2f0920c94d7a8e5f2d2203527fbca"
