# cohdl.lock — generated by cohdl. Do not hand-edit; run `cohdl update` to change a pin.

[[package]]
name = "@contrib/env"
version = "0.1.0"
hash = "sha256:0e7f8c2fd4337a2c7c9f1fc01321bd86491df4248a5b2bbe3909cbc6661e29f6"

[[package]]
name = "@contrib/imu"
version = "0.1.0"
hash = "sha256:03cd5c3c2537521d12023a6e05eef87defe49523388a2a717d691f9041efbaf2"

[[package]]
name = "@contrib/ldo"
version = "0.1.0"
hash = "sha256:21c4c4a1060c75da30f2d72a985e04c58371a70c753868e4f60b5fedf0a21ff7"

[[package]]
name = "@contrib/level-shifter"
version = "0.1.0"
hash = "sha256:5bf4510f4674e3a29f20ff59c0d5877a00df494bb72a20d492e932e2281c5fec"

[[package]]
name = "@contrib/sf32"
version = "0.1.0"
hash = "sha256:619353ee357ea0c30b591424cdb7715b077b9f1807e6e2334e5828b8a900623c"

[[package]]
name = "@richtek/dcdc"
version = "0.1.2"
hash = "sha256:4285742de741340f632a9137f050fbdb1bc19b04f1ff1f7306ba4e1834e40f0f"

[[package]]
name = "connectors"
version = "0.1.1"
hash = "sha256:a7a192b02b1e75c6772dd3e75516bf6fdaf28e9354def86b132f6204f023f3dd"

[[package]]
name = "esd"
version = "0.1.0"
hash = "sha256:8d5f98ff377276fc3bb2330ebe49dfc4770979c42c07f1ae20f48b99caa2570f"

[[package]]
name = "flash"
version = "0.1.3"
hash = "sha256:651a36717bc5071b0a825aed98b45e0d1770c3277da5d62c3d65602aaf2e28cc"

[[package]]
name = "load-switch"
version = "0.1.0"
hash = "sha256:81a4a502c494bb3d48edfe63aac7a2bb71a6612942d99320e7d924b3eb09d2e1"

[[package]]
name = "misc"
version = "0.1.1"
hash = "sha256:e54a7d8b49abf495644d31f2b1f4da83eeebbac3bada3d1392643789b44dcf73"

[[package]]
name = "osc"
version = "0.1.1"
hash = "sha256:596e4f097d5f1d96875a21216d31dda4ea7773486e2a03ea82b13a1fd9d55584"

[[package]]
name = "passive"
version = "0.2.1"
hash = "sha256:75d19bb814aee93091c2f49d7be59f85b55d9ccb2c2654924814d44737d6023e"

[[package]]
name = "qfn"
version = "0.2.0"
hash = "sha256:35f00df7f09e3dd9b4bf6cc686277d1a99ca9f86a4a95742278abace3786c44d"

[[package]]
name = "soic"
version = "0.1.0"
hash = "sha256:43b1dff42fa90974606c3071bf6972eb02e8f8cade0a135334282455921c176a"

[[package]]
name = "std"
version = "0.3.0"
hash = "sha256:5b5fc2d184722d4a4fd32f531656c32f2de2f0920c94d7a8e5f2d2203527fbca"

[[package]]
name = "usb"
version = "0.1.1"
hash = "sha256:46a3a8a7bd04c703067abea60b96063bb8194cec27813651fad765337e27d87c"
