# cohdl.lock — generated by cohdl. Do not hand-edit; run `cohdl update` to change a pin.

[[package]]
name = "@contrib/env"
version = "0.1.0"
hash = "sha256:0e7f8c2fd4337a2c7c9f1fc01321bd86491df4248a5b2bbe3909cbc6661e29f6"

[[package]]
name = "@contrib/imu"
version = "0.1.0"
hash = "sha256:03cd5c3c2537521d12023a6e05eef87defe49523388a2a717d691f9041efbaf2"

[[package]]
name = "@contrib/ldo"
version = "0.1.0"
hash = "sha256:21c4c4a1060c75da30f2d72a985e04c58371a70c753868e4f60b5fedf0a21ff7"

[[package]]
name = "@contrib/level-shifter"
version = "0.1.0"
hash = "sha256:5bf4510f4674e3a29f20ff59c0d5877a00df494bb72a20d492e932e2281c5fec"

[[package]]
name = "@contrib/sf32"
version = "0.1.0"
hash = "sha256:619353ee357ea0c30b591424cdb7715b077b9f1807e6e2334e5828b8a900623c"

[[package]]
name = "connectors"
version = "0.1.0"
hash = "sha256:9a5158fb68e12fdf3387800cd9ca92ade4d1cbb95277bbc3d72eb1687e4ba897"

[[package]]
name = "esd"
version = "0.1.0"
hash = "sha256:8d5f98ff377276fc3bb2330ebe49dfc4770979c42c07f1ae20f48b99caa2570f"

[[package]]
name = "flash"
version = "0.1.0"
hash = "sha256:1304d09d5d7ce24f45f1fbceef585de4b3c339dff2ff49c5f0660b9f366ec3ed"

[[package]]
name = "osc"
version = "0.1.0"
hash = "sha256:3d12b9a37d8922c88d451e210d58c417df20d5c068fcbce3751a144cd5a6c3f6"

[[package]]
name = "passive"
version = "0.2.0"
hash = "sha256:d3e310e07b0ad7f9db4d2260c27f9d757d9e35f3ad991345ceb7f41c16cb8171"

[[package]]
name = "qfn"
version = "0.1.0"
hash = "sha256:ffdf8c866ed37c05fbf2c69862029506c3bd5ee7c3cde790417abf7b0f77e5d1"

[[package]]
name = "soic"
version = "0.1.0"
hash = "sha256:43b1dff42fa90974606c3071bf6972eb02e8f8cade0a135334282455921c176a"

[[package]]
name = "std"
version = "0.3.0"
hash = "sha256:5b5fc2d184722d4a4fd32f531656c32f2de2f0920c94d7a8e5f2d2203527fbca"

[[package]]
name = "usb"
version = "0.1.0"
hash = "sha256:accbce029054e4c6c5dc8d771199522367c32975f0e17e7d9807646e5d47648e"
