# cohdl.lock — generated by cohdl. Do not hand-edit; run `cohdl update` to change a pin.

[[package]]
name = "@contrib/env"
version = "0.1.0"
hash = "sha256:4279b11928895cd93332fa7f31e74b5c72122178bce368cee8b0eb485425f0c4"

[[package]]
name = "@contrib/flash"
version = "0.1.0"
hash = "sha256:2cd3a5fce7c8353c1b5168b54aacf2846dab764e7870867953e3a1f30f396c18"

[[package]]
name = "@contrib/imu"
version = "0.1.0"
hash = "sha256:f26fb97bf42a4e86fa640c7158c262f2db20d522677706fa398457e72e1bbc10"

[[package]]
name = "@contrib/ldo"
version = "0.1.0"
hash = "sha256:bb568ea6487699902ea3b03af128737a1609c44f991e151825f18bc989b34575"

[[package]]
name = "@contrib/lora"
version = "0.1.0"
hash = "sha256:b7d8ef2f47c67ffe56e842afec008b86af2d94fa113f9724c169a5a63dcc8270"

[[package]]
name = "@contrib/sd-card"
version = "0.1.0"
hash = "sha256:806009d938b021a9d7a43ccfc35e94f1db15b0ceea019f9b1aed30c2e6857211"

[[package]]
name = "@contrib/sf32"
version = "0.1.0"
hash = "sha256:2ffc789177e6be363cc886003516c65b5132585f7555406d36ab32ad882f3224"

[[package]]
name = "@contrib/usb-uart"
version = "0.1.0"
hash = "sha256:5ec033489ee32476b0b312b0c6ac37ba3ea2b169df0227267a87093617e41186"

[[package]]
name = "qfn"
version = "0.1.0"
hash = "sha256:ffdf8c866ed37c05fbf2c69862029506c3bd5ee7c3cde790417abf7b0f77e5d1"

[[package]]
name = "std"
version = "0.3.0"
hash = "sha256:5b5fc2d184722d4a4fd32f531656c32f2de2f0920c94d7a8e5f2d2203527fbca"
