[designators]
"SF32MiniBoard::c_aud_vref" = "C3"
"SF32MiniBoard::c_avdd33" = "C4"
"SF32MiniBoard::c_avdd_aud" = "C5"
"SF32MiniBoard::c_avdd_brf" = "C6"
"SF32MiniBoard::c_buck_fb" = "C7"
"SF32MiniBoard::c_disp_iovcc" = "C30"
"SF32MiniBoard::c_disp_logic_in" = "C31"
"SF32MiniBoard::c_disp_reg_in" = "C32"
"SF32MiniBoard::c_disp_reg_out_a" = "C33"
"SF32MiniBoard::c_disp_reg_out_b" = "C34"
"SF32MiniBoard::c_disp_vbat" = "C35"
"SF32MiniBoard::c_disp_vbat_hf" = "C36"
"SF32MiniBoard::c_disp_vci" = "C37"
"SF32MiniBoard::c_env_vdd" = "C8"
"SF32MiniBoard::c_env_vddio" = "C9"
"SF32MiniBoard::c_flash" = "C10"
"SF32MiniBoard::c_gpadc_vref" = "C11"
"SF32MiniBoard::c_imu_vdd" = "C12"
"SF32MiniBoard::c_imu_vddio_bulk" = "C13"
"SF32MiniBoard::c_imu_vddio_hf" = "C14"
"SF32MiniBoard::c_imu_vreg" = "C15"
"SF32MiniBoard::c_ldo_1v8_in" = "C26"
"SF32MiniBoard::c_ldo_1v8_out" = "C27"
"SF32MiniBoard::c_ldo_out" = "C16"
"SF32MiniBoard::c_level_vcca" = "C28"
"SF32MiniBoard::c_level_vccb" = "C29"
"SF32MiniBoard::c_mic_bias" = "C17"
"SF32MiniBoard::c_pvdd" = "C18"
"SF32MiniBoard::c_vbus" = "C19"
"SF32MiniBoard::c_vdd_ret" = "C20"
"SF32MiniBoard::c_vdd_rtc" = "C21"
"SF32MiniBoard::c_vdd_sip" = "C22"
"SF32MiniBoard::c_vddioa" = "C23"
"SF32MiniBoard::c_vout1" = "C24"
"SF32MiniBoard::c_vout2" = "C25"
"SF32MiniBoard::debug" = "J1"
"SF32MiniBoard::disp_logic_sw" = "U10"
"SF32MiniBoard::disp_reg" = "U11"
"SF32MiniBoard::display" = "J3"
"SF32MiniBoard::env" = "U1"
"SF32MiniBoard::esd" = "U2"
"SF32MiniBoard::flash" = "U3"
"SF32MiniBoard::imu" = "U4"
"SF32MiniBoard::l_buck" = "L1"
"SF32MiniBoard::l_disp" = "L2"
"SF32MiniBoard::ldo_1v8" = "U7"
"SF32MiniBoard::ldo_3v3" = "U8"
"SF32MiniBoard::level" = "U9"
"SF32MiniBoard::mcu" = "U6"
"SF32MiniBoard::mounting_0" = "M1"
"SF32MiniBoard::mounting_1" = "M2"
"SF32MiniBoard::mounting_2" = "M3"
"SF32MiniBoard::mounting_3" = "M4"
"SF32MiniBoard::r_cc1" = "R1"
"SF32MiniBoard::r_cc2" = "R2"
"SF32MiniBoard::r_disp_en_pd" = "R13"
"SF32MiniBoard::r_disp_fb_bottom" = "R14"
"SF32MiniBoard::r_disp_fb_top" = "R15"
"SF32MiniBoard::r_disp_reset_pd" = "R16"
"SF32MiniBoard::r_i2c_scl_hi" = "R6"
"SF32MiniBoard::r_i2c_scl_lo" = "R7"
"SF32MiniBoard::r_i2c_sda_hi" = "R8"
"SF32MiniBoard::r_i2c_sda_lo" = "R9"
"SF32MiniBoard::r_imu_reset_hi" = "R10"
"SF32MiniBoard::r_imu_reset_lo" = "R11"
"SF32MiniBoard::r_level_oe" = "R12"
"SF32MiniBoard::usbc" = "J2"
"SF32MiniBoard::xtal_32k" = "Y1"
"SF32MiniBoard::xtal_48m" = "Y2"

[tombstones]
"SF32MiniBoard::c_48m_xi" = "C1"
"SF32MiniBoard::c_48m_xo" = "C2"
"SF32MiniBoard::ldo" = "U5"
"SF32MiniBoard::r_i2c_scl" = "R3"
"SF32MiniBoard::r_i2c_sda" = "R4"
"SF32MiniBoard::r_imu_reset" = "R5"
