# cohdl.lock — generated by cohdl. Do not hand-edit; run `cohdl update` to change a pin.

[[package]]
name = "qfn"
version = "0.1.0"
hash = "sha256:d70e582ca1f09fdd4a4060f743f801a8e08681de3babab25ce99fac1d5588ea3"

[[package]]
name = "std"
version = "0.3.0"
hash = "sha256:5b5fc2d184722d4a4fd32f531656c32f2de2f0920c94d7a8e5f2d2203527fbca"
