# cohdl.lock — generated by cohdl. Do not hand-edit; run `cohdl update` to change a pin.

[[package]]
name = "qfn"
version = "0.1.0"
hash = "sha256:ae87cd4841cfc2bd83c5a88d2006d01e9ff1c356253f7dcaaeb668cf2151d535"

[[package]]
name = "std"
version = "0.3.0"
hash = "sha256:5b5fc2d184722d4a4fd32f531656c32f2de2f0920c94d7a8e5f2d2203527fbca"
