# cohdl.lock — generated by cohdl. Do not hand-edit; run `cohdl update` to change a pin.

[[package]]
name = "@st/stm32"
version = "0.2.1"
hash = "sha256:7aa3a1c7e90c139a9e87f518349a6a3939b09327b753323f881ef3d7abf07e9d"

[[package]]
name = "bga"
version = "0.2.0"
hash = "sha256:997b238b4ea7097e976b03c3ceebbf59100febd12be15e3fe7c5ed407d99da76"

[[package]]
name = "can"
version = "0.1.0"
hash = "sha256:7b5cbdab944f62fa1e222257b76f7c4e80f5a2593d020849acd61ad81381b4dd"

[[package]]
name = "connectors"
version = "0.1.6"
hash = "sha256:dca088cad9548a42976cfd1de300377722ca56f773cf4785a135d54a90964519"

[[package]]
name = "csp"
version = "0.1.0"
hash = "sha256:e04af120c2e56ad844b42f1a8f9f1a380b858dd19ebf68a9ef532137616c15e3"

[[package]]
name = "dcdc"
version = "0.1.1"
hash = "sha256:c864163043c780da1cf506017a9dc9ae1ae4dd666b267abc1a5135c8b6a590d5"

[[package]]
name = "led"
version = "0.1.2"
hash = "sha256:4673cff4c6338b2fa07265a9e4a506a0260421e6305552787f98cf68a449d6c0"

[[package]]
name = "misc"
version = "0.1.1"
hash = "sha256:e54a7d8b49abf495644d31f2b1f4da83eeebbac3bada3d1392643789b44dcf73"

[[package]]
name = "motor-driver"
version = "0.1.0"
hash = "sha256:420c332614891fa13dc6c5f8382771b78037ee87473f2173f7a7b3b299ed2e96"

[[package]]
name = "osc"
version = "0.1.1"
hash = "sha256:596e4f097d5f1d96875a21216d31dda4ea7773486e2a03ea82b13a1fd9d55584"

[[package]]
name = "passive"
version = "0.2.2"
hash = "sha256:d5ae92b0190fffa84253edd6509bff5fa3e4c478e87d0b64110e4cbb1f3ba819"

[[package]]
name = "qfp"
version = "0.2.0"
hash = "sha256:5fbbbd39a0bf07ee50fa24020267d701945f3546f1c4f856c77676e3700a8b48"

[[package]]
name = "soic"
version = "0.2.0"
hash = "sha256:bab763d35a5aaa8c29628e49b3ed1bdecb8f2a74a24a44308c8cce5d0f0e096a"

[[package]]
name = "std"
version = "0.3.0"
hash = "sha256:5b5fc2d184722d4a4fd32f531656c32f2de2f0920c94d7a8e5f2d2203527fbca"
