[designators]
"JointMC::__fn0_decoupling_100n::c" = "C1"
"JointMC::__fn1_decoupling_100n::c" = "C2"
"JointMC::aux" = "J1"
"JointMC::c_bulk" = "C3"
"JointMC::c_nrst" = "C4"
"JointMC::c_vdda_bulk" = "C5"
"JointMC::c_vdda_hf" = "C6"
"JointMC::c_vddio2" = "C7"
"JointMC::c_xin" = "C8"
"JointMC::c_xout" = "C9"
"JointMC::canp::c_vcc" = "C10"
"JointMC::canp::r_slope" = "R1"
"JointMC::canp::xcvr" = "U1"
"JointMC::conn_can_a" = "J2"
"JointMC::conn_can_b" = "J3"
"JointMC::conn_motor" = "J4"
"JointMC::conn_pwr" = "J5"
"JointMC::led" = "D1"
"JointMC::mcu" = "U2"
"JointMC::motor::c_vm_bulk_a" = "C11"
"JointMC::motor::c_vm_bulk_b" = "C12"
"JointMC::motor::c_vm_hf" = "C13"
"JointMC::motor::c_vref" = "C14"
"JointMC::motor::drv" = "U3"
"JointMC::motor::r_ipropi" = "R2"
"JointMC::motor::r_vref_bot" = "R3"
"JointMC::motor::r_vref_top" = "R4"
"JointMC::mounting_0" = "M1"
"JointMC::mounting_1" = "M2"
"JointMC::mounting_2" = "M3"
"JointMC::mounting_3" = "M4"
"JointMC::r_boot0" = "R5"
"JointMC::r_led" = "R6"
"JointMC::rail::buck" = "U4"
"JointMC::rail::c_bst" = "C15"
"JointMC::rail::c_in_a" = "C16"
"JointMC::rail::c_in_b" = "C17"
"JointMC::rail::c_out_a" = "C18"
"JointMC::rail::c_out_b" = "C19"
"JointMC::rail::l_buck" = "L1"
"JointMC::rail::r_en" = "R7"
"JointMC::rail::r_fb_bot" = "R8"
"JointMC::rail::r_fb_top" = "R9"
"JointMC::swd" = "J6"
"JointMC::xtal" = "Y1"

[tombstones]
