[designators]
"Ccg6sfTypec::c_cc1" = "C1"
"Ccg6sfTypec::c_cc2" = "C2"
"Ccg6sfTypec::c_in" = "C3"
"Ccg6sfTypec::c_v5v" = "C4"
"Ccg6sfTypec::c_vbusc" = "C5"
"Ccg6sfTypec::c_vbusp" = "C6"
"Ccg6sfTypec::c_vccd" = "C7"
"Ccg6sfTypec::c_vddd" = "C8"
"Ccg6sfTypec::c_vsys" = "C9"
"Ccg6sfTypec::c_xres" = "C10"
"Ccg6sfTypec::ctrl" = "U1"
"Ccg6sfTypec::j1" = "J1"
"Ccg6sfTypec::q_cons" = "Q1"
"Ccg6sfTypec::r_scl_ec" = "R1"
"Ccg6sfTypec::r_scl_soc" = "R2"
"Ccg6sfTypec::r_sda_ec" = "R3"
"Ccg6sfTypec::r_sda_soc" = "R4"
"Ccg6sfTypec::r_sense" = "R5"
"Ccg6sfTypec::r_xres" = "R6"
"Ccg6sfTypec::usbc" = "J2"

[tombstones]
