[designators]
"MainBoard::__fn0_decoupling_c" = "C7"
"MainBoard::__fn10_decoupling_c" = "C17"
"MainBoard::__fn11_decoupling_c" = "C18"
"MainBoard::__fn12_decoupling_c" = "C19"
"MainBoard::__fn13_decoupling_c" = "C20"
"MainBoard::__fn14_decoupling_c" = "C21"
"MainBoard::__fn15_decoupling_c" = "C22"
"MainBoard::__fn1_decoupling_c" = "C8"
"MainBoard::__fn2_decoupling_c" = "C9"
"MainBoard::__fn3_decoupling_c" = "C10"
"MainBoard::__fn4_decoupling_c" = "C11"
"MainBoard::__fn5_decoupling_c" = "C12"
"MainBoard::__fn6_decoupling_c" = "C13"
"MainBoard::__fn7_decoupling_c" = "C14"
"MainBoard::__fn8_decoupling_c" = "C15"
"MainBoard::__fn9_decoupling_c" = "C16"
"MainBoard::ant" = "J3"
"MainBoard::bat" = "J1"
"MainBoard::btn_mark" = "SW2"
"MainBoard::btn_rec" = "SW1"
"MainBoard::c_32k_a" = "C3"
"MainBoard::c_32k_b" = "C4"
"MainBoard::c_40m_a" = "C1"
"MainBoard::c_40m_b" = "C2"
"MainBoard::c_match" = "C5"
"MainBoard::chrg" = "U2"
"MainBoard::emmc" = "U5"
"MainBoard::esd" = "U3"
"MainBoard::l_match" = "L1"
"MainBoard::ldo18" = "U4"
"MainBoard::ldo33" = "U3"
"MainBoard::led" = "D1"
"MainBoard::mcu" = "U1"
"MainBoard::mic1" = "MK1"
"MainBoard::mic2" = "MK2"
"MainBoard::pogo" = "J4"
"MainBoard::r_cc1" = "R1"
"MainBoard::r_cc2" = "R2"
"MainBoard::r_chip_en" = "R6"
"MainBoard::r_led" = "R5"
"MainBoard::r_mark" = "R4"
"MainBoard::r_rec" = "R3"
"MainBoard::usb" = "J2"
"MainBoard::x_32k" = "X2"
"MainBoard::x_40m" = "X1"

[tombstones]
