# cohdl.lock — generated by cohdl. Do not hand-edit; run `cohdl update` to change a pin.

[[package]]
name = "soic"
version = "0.1.0"
hash = "sha256:43b1dff42fa90974606c3071bf6972eb02e8f8cade0a135334282455921c176a"

[[package]]
name = "std"
version = "0.3.0"
hash = "sha256:5b5fc2d184722d4a4fd32f531656c32f2de2f0920c94d7a8e5f2d2203527fbca"
