# cohdl.lock — generated by cohdl. Do not hand-edit; run `cohdl update` to change a pin.

[[package]]
name = "@raspberrypi/mcu"
version = "0.1.2"
hash = "sha256:00265f667f6c70051a3e423a94a19811add05eeb2e34387a6d52074686271543"

[[package]]
name = "@richtek/dcdc"
version = "0.1.2"
hash = "sha256:4285742de741340f632a9137f050fbdb1bc19b04f1ff1f7306ba4e1834e40f0f"

[[package]]
name = "connectors"
version = "0.1.6"
hash = "sha256:dca088cad9548a42976cfd1de300377722ca56f773cf4785a135d54a90964519"

[[package]]
name = "diode"
version = "0.1.0"
hash = "sha256:ea1d68d2aa41dd4e415775fc04c6b8a45f0f3b6cf8d3b9064eb0db5e07fbc272"

[[package]]
name = "esd"
version = "0.1.1"
hash = "sha256:de50721f0ac5aa8d5e0dc5e7c18df047e56542bf93398015f7931bbd296fe130"

[[package]]
name = "flash"
version = "0.1.4"
hash = "sha256:0d70b8d15ffbb1f1bc69253218f6f7d4c4281635caa296b43eccb4caca301709"

[[package]]
name = "led"
version = "0.1.2"
hash = "sha256:4673cff4c6338b2fa07265a9e4a506a0260421e6305552787f98cf68a449d6c0"

[[package]]
name = "mosfet"
version = "0.1.0"
hash = "sha256:e80116ea1519f36bd39364e713017fc09e14e378de817a9ac0cd69edd9a474ba"

[[package]]
name = "osc"
version = "0.1.1"
hash = "sha256:596e4f097d5f1d96875a21216d31dda4ea7773486e2a03ea82b13a1fd9d55584"

[[package]]
name = "passive"
version = "0.2.2"
hash = "sha256:d5ae92b0190fffa84253edd6509bff5fa3e4c478e87d0b64110e4cbb1f3ba819"

[[package]]
name = "qfn"
version = "0.2.0"
hash = "sha256:35f00df7f09e3dd9b4bf6cc686277d1a99ca9f86a4a95742278abace3786c44d"

[[package]]
name = "soic"
version = "0.2.0"
hash = "sha256:bab763d35a5aaa8c29628e49b3ed1bdecb8f2a74a24a44308c8cce5d0f0e096a"

[[package]]
name = "std"
version = "0.3.0"
hash = "sha256:5b5fc2d184722d4a4fd32f531656c32f2de2f0920c94d7a8e5f2d2203527fbca"

[[package]]
name = "usb"
version = "0.1.1"
hash = "sha256:46a3a8a7bd04c703067abea60b96063bb8194cec27813651fad765337e27d87c"
