# cohdl.lock — generated by cohdl. Do not hand-edit; run `cohdl update` to change a pin.

[[package]]
name = "@raspberrypi/mcu"
version = "0.1.0"
hash = "sha256:18cafb23466e25f4bd9c195a65040884980256f7eb0ca7f7b5497547baed9a8a"

[[package]]
name = "@richtek/dcdc"
version = "0.1.0"
hash = "sha256:df910fde8eaa6284072511fa2285f509b0f8d3f9232d8bb1c0c11c37db1cd5ba"

[[package]]
name = "connectors"
version = "0.1.0"
hash = "sha256:2a38f95e68073c45662d57af3bb81a6854a58c0b11307ae345b428c49464f918"

[[package]]
name = "diode"
version = "0.1.0"
hash = "sha256:ea1d68d2aa41dd4e415775fc04c6b8a45f0f3b6cf8d3b9064eb0db5e07fbc272"

[[package]]
name = "esd"
version = "0.1.0"
hash = "sha256:8d5f98ff377276fc3bb2330ebe49dfc4770979c42c07f1ae20f48b99caa2570f"

[[package]]
name = "flash"
version = "0.1.0"
hash = "sha256:1304d09d5d7ce24f45f1fbceef585de4b3c339dff2ff49c5f0660b9f366ec3ed"

[[package]]
name = "led"
version = "0.1.0"
hash = "sha256:e0ab42284e91dd06c8d2d8a7da4437507f8a3e4cbed34a8e423d432c7e49b33f"

[[package]]
name = "mosfet"
version = "0.1.0"
hash = "sha256:e80116ea1519f36bd39364e713017fc09e14e378de817a9ac0cd69edd9a474ba"

[[package]]
name = "osc"
version = "0.1.0"
hash = "sha256:18d7e7b05c3a281b850993004a2790a2283633bd8d38e84fe960e71c44d3898e"

[[package]]
name = "passive"
version = "0.2.0"
hash = "sha256:c4bc8117a2287209f0e89d2cc0f35464db036ab12833dd190fb66b97faf677ad"

[[package]]
name = "qfn"
version = "0.1.0"
hash = "sha256:ffdf8c866ed37c05fbf2c69862029506c3bd5ee7c3cde790417abf7b0f77e5d1"

[[package]]
name = "soic"
version = "0.1.0"
hash = "sha256:43b1dff42fa90974606c3071bf6972eb02e8f8cade0a135334282455921c176a"

[[package]]
name = "std"
version = "0.3.0"
hash = "sha256:5b5fc2d184722d4a4fd32f531656c32f2de2f0920c94d7a8e5f2d2203527fbca"

[[package]]
name = "usb"
version = "0.1.0"
hash = "sha256:accbce029054e4c6c5dc8d771199522367c32975f0e17e7d9807646e5d47648e"
