# cohdl.lock — generated by cohdl. Do not hand-edit; run `cohdl update` to change a pin.

[[package]]
name = "@raspberrypi/mcu"
version = "0.1.1"
hash = "sha256:afe3112afd773be46a8bb66007f936f0c0c01b103c1abb6d5f787e01f9fd874a"

[[package]]
name = "@richtek/dcdc"
version = "0.1.1"
hash = "sha256:a0ae4a28a5cdeeaf683d261717db8f315b07a0da7402dbd33b6ecc6be73503d9"

[[package]]
name = "connectors"
version = "0.1.1"
hash = "sha256:a7a192b02b1e75c6772dd3e75516bf6fdaf28e9354def86b132f6204f023f3dd"

[[package]]
name = "diode"
version = "0.1.0"
hash = "sha256:ea1d68d2aa41dd4e415775fc04c6b8a45f0f3b6cf8d3b9064eb0db5e07fbc272"

[[package]]
name = "esd"
version = "0.1.0"
hash = "sha256:8d5f98ff377276fc3bb2330ebe49dfc4770979c42c07f1ae20f48b99caa2570f"

[[package]]
name = "flash"
version = "0.1.1"
hash = "sha256:d32516d8f56fbfcf39bdfd46f598b530c6c152fc20c29cf5e542a9e5453256ff"

[[package]]
name = "led"
version = "0.1.1"
hash = "sha256:d057ea2d9b88103a01f3a222c514c01808ab287059af60f8d77b56114b899d07"

[[package]]
name = "mosfet"
version = "0.1.0"
hash = "sha256:e80116ea1519f36bd39364e713017fc09e14e378de817a9ac0cd69edd9a474ba"

[[package]]
name = "osc"
version = "0.1.1"
hash = "sha256:596e4f097d5f1d96875a21216d31dda4ea7773486e2a03ea82b13a1fd9d55584"

[[package]]
name = "passive"
version = "0.2.1"
hash = "sha256:75d19bb814aee93091c2f49d7be59f85b55d9ccb2c2654924814d44737d6023e"

[[package]]
name = "qfn"
version = "0.1.1"
hash = "sha256:c8d264ac35829d30c3b4366987f96bc359fc4743433628f2652e4b8f8a8a04aa"

[[package]]
name = "soic"
version = "0.1.0"
hash = "sha256:43b1dff42fa90974606c3071bf6972eb02e8f8cade0a135334282455921c176a"

[[package]]
name = "std"
version = "0.3.0"
hash = "sha256:5b5fc2d184722d4a4fd32f531656c32f2de2f0920c94d7a8e5f2d2203527fbca"

[[package]]
name = "usb"
version = "0.1.1"
hash = "sha256:46a3a8a7bd04c703067abea60b96063bb8194cec27813651fad765337e27d87c"
