[designators]
"Pico2::__fn0_bulk_47u::c" = "C1"
"Pico2::__fn10_decoupling_100n::c" = "C2"
"Pico2::__fn11_decoupling_100n::c" = "C3"
"Pico2::__fn12_decoupling_100n::c" = "C4"
"Pico2::__fn13_decoupling_100n::c" = "C5"
"Pico2::__fn1_bulk_47u::c" = "C6"
"Pico2::__fn2_bulk_4u7::c" = "C7"
"Pico2::__fn3_bulk_4u7::c" = "C8"
"Pico2::__fn4_decoupling_100n::c" = "C9"
"Pico2::__fn5_decoupling_100n::c" = "C10"
"Pico2::__fn6_decoupling_100n::c" = "C11"
"Pico2::__fn7_decoupling_100n::c" = "C12"
"Pico2::__fn8_decoupling_100n::c" = "C13"
"Pico2::__fn9_decoupling_100n::c" = "C14"
"Pico2::boot" = "SW1"
"Pico2::c_adc" = "C15"
"Pico2::c_vreg_avdd" = "C16"
"Pico2::c_vsysdiv" = "C17"
"Pico2::c_xin" = "C18"
"Pico2::c_xout" = "C19"
"Pico2::d_vbus" = "D1"
"Pico2::flash" = "U1"
"Pico2::hdr" = "J1"
"Pico2::l_core" = "L1"
"Pico2::l_reg" = "L2"
"Pico2::led" = "D2"
"Pico2::mcu" = "U2"
"Pico2::q_vsys" = "Q1"
"Pico2::r_avdd" = "R1"
"Pico2::r_boot" = "R2"
"Pico2::r_dm" = "R3"
"Pico2::r_dp" = "R4"
"Pico2::r_en" = "R5"
"Pico2::r_gpio29" = "R6"
"Pico2::r_led" = "R7"
"Pico2::r_ps" = "R8"
"Pico2::r_swclk" = "R9"
"Pico2::r_swdio" = "R10"
"Pico2::r_vbus_bot" = "R11"
"Pico2::r_vbus_top" = "R12"
"Pico2::r_vref" = "R13"
"Pico2::r_vreg_avdd" = "R14"
"Pico2::r_vsys_mid" = "R15"
"Pico2::r_vsys_top" = "R16"
"Pico2::r_xosc" = "R17"
"Pico2::reg" = "U3"
"Pico2::swd" = "J2"
"Pico2::usb" = "J3"
"Pico2::xtal" = "Y1"

[tombstones]
