# cohdl.lock — generated by cohdl. Do not hand-edit; run `cohdl update` to change a pin.

[[package]]
name = "qfn"
version = "0.1.0"
hash = "sha256:4164643ae19fc2018b626d5edeb572b8cf1a5f60d5e4ccd2a193aa0124a26789"

[[package]]
name = "std"
version = "0.3.0"
hash = "sha256:5b5fc2d184722d4a4fd32f531656c32f2de2f0920c94d7a8e5f2d2203527fbca"
