# cohdl.lock — generated by cohdl. Do not hand-edit; run `cohdl update` to change a pin.

[[package]]
name = "qfn"
version = "0.1.0"
hash = "sha256:ffdf8c866ed37c05fbf2c69862029506c3bd5ee7c3cde790417abf7b0f77e5d1"

[[package]]
name = "std"
version = "0.3.0"
hash = "sha256:5b5fc2d184722d4a4fd32f531656c32f2de2f0920c94d7a8e5f2d2203527fbca"
