[designators]
"Imvp7Vcore::c_bst1" = "C1"
"Imvp7Vcore::c_bst2" = "C2"
"Imvp7Vcore::c_bstg" = "C3"
"Imvp7Vcore::c_ccomp" = "C4"
"Imvp7Vcore::c_cpu" = "C5"
"Imvp7Vcore::c_drvvdd" = "C6"
"Imvp7Vcore::c_gcomp" = "C7"
"Imvp7Vcore::c_gpu" = "C8"
"Imvp7Vcore::c_in1" = "C9"
"Imvp7Vcore::c_in2" = "C10"
"Imvp7Vcore::c_sns1" = "C11"
"Imvp7Vcore::c_sns2" = "C12"
"Imvp7Vcore::c_snsg" = "C13"
"Imvp7Vcore::c_v3r3" = "C14"
"Imvp7Vcore::c_v5" = "C15"
"Imvp7Vcore::c_v5drv" = "C16"
"Imvp7Vcore::c_vref" = "C17"
"Imvp7Vcore::ctrl" = "U1"
"Imvp7Vcore::drv" = "U2"
"Imvp7Vcore::j1" = "J1"
"Imvp7Vcore::l_c1" = "L1"
"Imvp7Vcore::l_c2" = "L2"
"Imvp7Vcore::l_g1" = "L3"
"Imvp7Vcore::q1h" = "Q1"
"Imvp7Vcore::q1l" = "Q2"
"Imvp7Vcore::q2h" = "Q3"
"Imvp7Vcore::q2l" = "Q4"
"Imvp7Vcore::q3h" = "Q5"
"Imvp7Vcore::q3l" = "Q6"
"Imvp7Vcore::r_alert" = "R1"
"Imvp7Vcore::r_cfimax" = "R2"
"Imvp7Vcore::r_cocp" = "R3"
"Imvp7Vcore::r_cpgood" = "R4"
"Imvp7Vcore::r_cth" = "R5"
"Imvp7Vcore::r_gfimax" = "R6"
"Imvp7Vcore::r_gocp" = "R7"
"Imvp7Vcore::r_gpgood" = "R8"
"Imvp7Vcore::r_gth" = "R9"
"Imvp7Vcore::r_slew" = "R10"
"Imvp7Vcore::r_sns1" = "R11"
"Imvp7Vcore::r_sns2" = "R12"
"Imvp7Vcore::r_snsg" = "R13"
"Imvp7Vcore::r_vbat" = "R14"
"Imvp7Vcore::r_vrhot" = "R15"
"Imvp7Vcore::rt_cpu" = "RT1"
"Imvp7Vcore::rt_gpu" = "RT2"

[tombstones]
